
Microsoft Visual Studio Solution File, Format Version 12.00
# Visual Studio Version 16
VisualStudioVersion = 16.0.30717.126
MinimumVisualStudioVersion = 10.0.40219.1
Project("{FAE04EC0-301F-11D3-BF4B-00C04F79EFBC}") = "Strategy Pattern", "Strategy Pattern\Strategy Pattern.csproj", "{B9FA2810-2AE9-4A84-8030-44C77E938980}"
EndProject
Global
	GlobalSection(SolutionConfigurationPlatforms) = preSolution
		Debug|Any CPU = Debug|Any CPU
		Release|Any CPU = Release|Any CPU
	EndGlobalSection
	GlobalSection(ProjectConfigurationPlatforms) = postSolution
		{B9FA2810-2AE9-4A84-8030-44C77E938980}.Debug|Any CPU.ActiveCfg = Debug|Any CPU
		{B9FA2810-2AE9-4A84-8030-44C77E938980}.Debug|Any CPU.Build.0 = Debug|Any CPU
		{B9FA2810-2AE9-4A84-8030-44C77E938980}.Release|Any CPU.ActiveCfg = Release|Any CPU
		{B9FA2810-2AE9-4A84-8030-44C77E938980}.Release|Any CPU.Build.0 = Release|Any CPU
	EndGlobalSection
	GlobalSection(SolutionProperties) = preSolution
		HideSolutionNode = FALSE
	EndGlobalSection
	GlobalSection(ExtensibilityGlobals) = postSolution
		SolutionGuid = {D1D890F9-359A-42B3-951A-A878A968A29A}
	EndGlobalSection
EndGlobal
